
Microsoft Visual Studio Solution File, Format Version 12.00
# Visual Studio Version 17
VisualStudioVersion = 17.5.002.0
MinimumVisualStudioVersion = 10.0.40219.1
Project("{9A19103F-16F7-4668-BE54-9A1E7A4F7556}") = "TodAPI", "Toserapp\TodAPI.csproj", "{F3098DF7-53FC-45F4-8A1D-E6145AAB87FA}"
EndProject
Project("{9A19103F-16F7-4668-BE54-9A1E7A4F7556}") = "SharedLibrary", "Shared\SharedLibrary.csproj", "{FB9ED517-7A0B-4801-A49D-24A12C952850}"
EndProject
Project("{9A19103F-16F7-4668-BE54-9A1E7A4F7556}") = "DataLibrary", "Data\DataLibrary.csproj", "{A8C76B6F-B41E-4A29-91A9-798D724E4B96}"
EndProject
Global
	GlobalSection(SolutionConfigurationPlatforms) = preSolution
		Debug|Any CPU = Debug|Any CPU
		Release|Any CPU = Release|Any CPU
	EndGlobalSection
	GlobalSection(ProjectConfigurationPlatforms) = postSolution
		{F3098DF7-53FC-45F4-8A1D-E6145AAB87FA}.Debug|Any CPU.ActiveCfg = Debug|Any CPU
		{F3098DF7-53FC-45F4-8A1D-E6145AAB87FA}.Debug|Any CPU.Build.0 = Debug|Any CPU
		{F3098DF7-53FC-45F4-8A1D-E6145AAB87FA}.Release|Any CPU.ActiveCfg = Release|Any CPU
		{F3098DF7-53FC-45F4-8A1D-E6145AAB87FA}.Release|Any CPU.Build.0 = Release|Any CPU
		{FB9ED517-7A0B-4801-A49D-24A12C952850}.Debug|Any CPU.ActiveCfg = Debug|Any CPU
		{FB9ED517-7A0B-4801-A49D-24A12C952850}.Debug|Any CPU.Build.0 = Debug|Any CPU
		{FB9ED517-7A0B-4801-A49D-24A12C952850}.Release|Any CPU.ActiveCfg = Release|Any CPU
		{FB9ED517-7A0B-4801-A49D-24A12C952850}.Release|Any CPU.Build.0 = Release|Any CPU
		{A8C76B6F-B41E-4A29-91A9-798D724E4B96}.Debug|Any CPU.ActiveCfg = Debug|Any CPU
		{A8C76B6F-B41E-4A29-91A9-798D724E4B96}.Debug|Any CPU.Build.0 = Debug|Any CPU
		{A8C76B6F-B41E-4A29-91A9-798D724E4B96}.Release|Any CPU.ActiveCfg = Release|Any CPU
		{A8C76B6F-B41E-4A29-91A9-798D724E4B96}.Release|Any CPU.Build.0 = Release|Any CPU
	EndGlobalSection
	GlobalSection(SolutionProperties) = preSolution
		HideSolutionNode = FALSE
	EndGlobalSection
	GlobalSection(ExtensibilityGlobals) = postSolution
		SolutionGuid = {AC19C6F7-CD3F-408B-B20B-C53B236185CB}
	EndGlobalSection
EndGlobal
