
Microsoft Visual Studio Solution File, Format Version 12.00
# Visual Studio Version 17
VisualStudioVersion = 17.5.002.0
MinimumVisualStudioVersion = 10.0.40219.1
Project("{9A19103F-16F7-4668-BE54-9A1E7A4F7556}") = "Cours02", "Cours02.csproj", "{15AC3353-2135-4694-B1F0-C7C5AC809C00}"
EndProject
Global
	GlobalSection(SolutionConfigurationPlatforms) = preSolution
		Debug|Any CPU = Debug|Any CPU
		Release|Any CPU = Release|Any CPU
	EndGlobalSection
	GlobalSection(ProjectConfigurationPlatforms) = postSolution
		{15AC3353-2135-4694-B1F0-C7C5AC809C00}.Debug|Any CPU.ActiveCfg = Debug|Any CPU
		{15AC3353-2135-4694-B1F0-C7C5AC809C00}.Debug|Any CPU.Build.0 = Debug|Any CPU
		{15AC3353-2135-4694-B1F0-C7C5AC809C00}.Release|Any CPU.ActiveCfg = Release|Any CPU
		{15AC3353-2135-4694-B1F0-C7C5AC809C00}.Release|Any CPU.Build.0 = Release|Any CPU
	EndGlobalSection
	GlobalSection(SolutionProperties) = preSolution
		HideSolutionNode = FALSE
	EndGlobalSection
	GlobalSection(ExtensibilityGlobals) = postSolution
		SolutionGuid = {054F4C62-ED21-49EE-B5A8-16366640A2D1}
	EndGlobalSection
EndGlobal
